
Microsoft Visual Studio Solution File, Format Version 12.00
# Visual Studio Version 17
VisualStudioVersion = 17.7.34221.43
MinimumVisualStudioVersion = 10.0.40219.1
Project("{9A19103F-16F7-4668-BE54-9A1E7A4F7556}") = "Demo", "Demo\Demo.csproj", "{C8CF1213-1838-49C5-B45A-A2A70CDA0DD5}"
EndProject
Project("{9A19103F-16F7-4668-BE54-9A1E7A4F7556}") = "DemoMSTest", "DemoMSTest\DemoMSTest.csproj", "{8DE2BDBA-8D8C-4517-A89D-35C170E7A023}"
EndProject
Project("{9A19103F-16F7-4668-BE54-9A1E7A4F7556}") = "DemoNUnitTest", "DemoNUnitTest\DemoNUnitTest.csproj", "{11666790-16E7-4965-BA8C-EC7C371026BB}"
EndProject
Project("{2150E333-8FDC-42A3-9474-1A3956D46DE8}") = "Basic Foundation", "Basic Foundation", "{11B8F78E-4283-4393-A5B0-8D4ECAB41003}"
EndProject
Project("{2150E333-8FDC-42A3-9474-1A3956D46DE8}") = "Bongo Web", "Bongo Web", "{303870C7-DDAE-426B-BCB9-BBB2E1311202}"
EndProject
Project("{9A19103F-16F7-4668-BE54-9A1E7A4F7556}") = "Bongo.Core", "Bongo_InitialSetup (.NET 6)\Bongo.Core\Bongo.Core.csproj", "{028BA44C-69ED-499B-AD5D-EAD824110C6F}"
EndProject
Project("{9A19103F-16F7-4668-BE54-9A1E7A4F7556}") = "Bongo.DataAccess", "Bongo_InitialSetup (.NET 6)\Bongo.DataAccess\Bongo.DataAccess.csproj", "{5BCE0995-70A5-4A38-9350-6B904D3CF092}"
EndProject
Project("{9A19103F-16F7-4668-BE54-9A1E7A4F7556}") = "Bongo.Models", "Bongo_InitialSetup (.NET 6)\Bongo.Models\Bongo.Models.csproj", "{44DBF558-1A64-4170-8283-A3AB26451387}"
EndProject
Project("{9A19103F-16F7-4668-BE54-9A1E7A4F7556}") = "Bongo.Web", "Bongo_InitialSetup (.NET 6)\Bongo.Web\Bongo.Web.csproj", "{D3AFE096-08FC-4514-B952-36CE354AB29C}"
EndProject
Global
	GlobalSection(SolutionConfigurationPlatforms) = preSolution
		Debug|Any CPU = Debug|Any CPU
		Release|Any CPU = Release|Any CPU
	EndGlobalSection
	GlobalSection(ProjectConfigurationPlatforms) = postSolution
		{C8CF1213-1838-49C5-B45A-A2A70CDA0DD5}.Debug|Any CPU.ActiveCfg = Debug|Any CPU
		{C8CF1213-1838-49C5-B45A-A2A70CDA0DD5}.Debug|Any CPU.Build.0 = Debug|Any CPU
		{C8CF1213-1838-49C5-B45A-A2A70CDA0DD5}.Release|Any CPU.ActiveCfg = Release|Any CPU
		{C8CF1213-1838-49C5-B45A-A2A70CDA0DD5}.Release|Any CPU.Build.0 = Release|Any CPU
		{8DE2BDBA-8D8C-4517-A89D-35C170E7A023}.Debug|Any CPU.ActiveCfg = Debug|Any CPU
		{8DE2BDBA-8D8C-4517-A89D-35C170E7A023}.Debug|Any CPU.Build.0 = Debug|Any CPU
		{8DE2BDBA-8D8C-4517-A89D-35C170E7A023}.Release|Any CPU.ActiveCfg = Release|Any CPU
		{8DE2BDBA-8D8C-4517-A89D-35C170E7A023}.Release|Any CPU.Build.0 = Release|Any CPU
		{11666790-16E7-4965-BA8C-EC7C371026BB}.Debug|Any CPU.ActiveCfg = Debug|Any CPU
		{11666790-16E7-4965-BA8C-EC7C371026BB}.Debug|Any CPU.Build.0 = Debug|Any CPU
		{11666790-16E7-4965-BA8C-EC7C371026BB}.Release|Any CPU.ActiveCfg = Release|Any CPU
		{11666790-16E7-4965-BA8C-EC7C371026BB}.Release|Any CPU.Build.0 = Release|Any CPU
		{028BA44C-69ED-499B-AD5D-EAD824110C6F}.Debug|Any CPU.ActiveCfg = Debug|Any CPU
		{028BA44C-69ED-499B-AD5D-EAD824110C6F}.Debug|Any CPU.Build.0 = Debug|Any CPU
		{028BA44C-69ED-499B-AD5D-EAD824110C6F}.Release|Any CPU.ActiveCfg = Release|Any CPU
		{028BA44C-69ED-499B-AD5D-EAD824110C6F}.Release|Any CPU.Build.0 = Release|Any CPU
		{5BCE0995-70A5-4A38-9350-6B904D3CF092}.Debug|Any CPU.ActiveCfg = Debug|Any CPU
		{5BCE0995-70A5-4A38-9350-6B904D3CF092}.Debug|Any CPU.Build.0 = Debug|Any CPU
		{5BCE0995-70A5-4A38-9350-6B904D3CF092}.Release|Any CPU.ActiveCfg = Release|Any CPU
		{5BCE0995-70A5-4A38-9350-6B904D3CF092}.Release|Any CPU.Build.0 = Release|Any CPU
		{44DBF558-1A64-4170-8283-A3AB26451387}.Debug|Any CPU.ActiveCfg = Debug|Any CPU
		{44DBF558-1A64-4170-8283-A3AB26451387}.Debug|Any CPU.Build.0 = Debug|Any CPU
		{44DBF558-1A64-4170-8283-A3AB26451387}.Release|Any CPU.ActiveCfg = Release|Any CPU
		{44DBF558-1A64-4170-8283-A3AB26451387}.Release|Any CPU.Build.0 = Release|Any CPU
		{D3AFE096-08FC-4514-B952-36CE354AB29C}.Debug|Any CPU.ActiveCfg = Debug|Any CPU
		{D3AFE096-08FC-4514-B952-36CE354AB29C}.Debug|Any CPU.Build.0 = Debug|Any CPU
		{D3AFE096-08FC-4514-B952-36CE354AB29C}.Release|Any CPU.ActiveCfg = Release|Any CPU
		{D3AFE096-08FC-4514-B952-36CE354AB29C}.Release|Any CPU.Build.0 = Release|Any CPU
	EndGlobalSection
	GlobalSection(SolutionProperties) = preSolution
		HideSolutionNode = FALSE
	EndGlobalSection
	GlobalSection(NestedProjects) = preSolution
		{C8CF1213-1838-49C5-B45A-A2A70CDA0DD5} = {11B8F78E-4283-4393-A5B0-8D4ECAB41003}
		{8DE2BDBA-8D8C-4517-A89D-35C170E7A023} = {11B8F78E-4283-4393-A5B0-8D4ECAB41003}
		{11666790-16E7-4965-BA8C-EC7C371026BB} = {11B8F78E-4283-4393-A5B0-8D4ECAB41003}
		{028BA44C-69ED-499B-AD5D-EAD824110C6F} = {303870C7-DDAE-426B-BCB9-BBB2E1311202}
		{5BCE0995-70A5-4A38-9350-6B904D3CF092} = {303870C7-DDAE-426B-BCB9-BBB2E1311202}
		{44DBF558-1A64-4170-8283-A3AB26451387} = {303870C7-DDAE-426B-BCB9-BBB2E1311202}
		{D3AFE096-08FC-4514-B952-36CE354AB29C} = {303870C7-DDAE-426B-BCB9-BBB2E1311202}
	EndGlobalSection
	GlobalSection(ExtensibilityGlobals) = postSolution
		SolutionGuid = {343F9786-9714-47D1-BFB9-955AF1D537E7}
	EndGlobalSection
EndGlobal
